// !$*UTF8*$!
{
	archiveVersion = 1;
	classes = {
	};
	objectVersion = 77;
	objects = {

/* Begin PBXBuildFile section */
		ED1E672D2F6A1B3C007A9988 /* WidgetKit.framework in Frameworks */ = {isa = PBXBuildFile; fileRef = ED1E672C2F6A1B3C007A9988 /* WidgetKit.framework */; };
		ED1E672F2F6A1B3C007A9988 /* SwiftUI.framework in Frameworks */ = {isa = PBXBuildFile; fileRef = ED1E672E2F6A1B3C007A9988 /* SwiftUI.framework */; };
		ED1E673C2F6A1B3E007A9988 /* Act2votionWidgetExtension.appex in Embed Foundation Extensions */ = {isa = PBXBuildFile; fileRef = ED1E672A2F6A1B3C007A9988 /* Act2votionWidgetExtension.appex */; settings = {ATTRIBUTES = (RemoveHeadersOnCopy, ); }; };
		ED1E67432F6A1B3E007A9988 /* WidgetKit.framework in Frameworks */ = {isa = PBXBuildFile; fileRef = ED1E672C2F6A1B3C007A9988 /* WidgetKit.framework */; };
/* End PBXBuildFile section */

/* Begin PBXContainerItemProxy section */
		ED1E670A2F6A1B1B007A9988 /* PBXContainerItemProxy */ = {
			isa = PBXContainerItemProxy;
			containerPortal = ED1E66F22F6A1B19007A9988 /* Project object */;
			proxyType = 1;
			remoteGlobalIDString = ED1E66F92F6A1B19007A9988;
			remoteInfo = Acts2votion;
		};
		ED1E67142F6A1B1B007A9988 /* PBXContainerItemProxy */ = {
			isa = PBXContainerItemProxy;
			containerPortal = ED1E66F22F6A1B19007A9988 /* Project object */;
			proxyType = 1;
			remoteGlobalIDString = ED1E66F92F6A1B19007A9988;
			remoteInfo = Acts2votion;
		};
		ED1E673A2F6A1B3E007A9988 /* PBXContainerItemProxy */ = {
			isa = PBXContainerItemProxy;
			containerPortal = ED1E66F22F6A1B19007A9988 /* Project object */;
			proxyType = 1;
			remoteGlobalIDString = ED1E67292F6A1B3C007A9988;
			remoteInfo = Act2votionWidgetExtension;
		};
/* End PBXContainerItemProxy section */

/* Begin PBXCopyFilesBuildPhase section */
		ED1E67412F6A1B3E007A9988 /* Embed Foundation Extensions */ = {
			isa = PBXCopyFilesBuildPhase;
			buildActionMask = 2147483647;
			dstPath = "";
			dstSubfolderSpec = 13;
			files = (
				ED1E673C2F6A1B3E007A9988 /* Act2votionWidgetExtension.appex in Embed Foundation Extensions */,
			);
			name = "Embed Foundation Extensions";
			runOnlyForDeploymentPostprocessing = 0;
		};
/* End PBXCopyFilesBuildPhase section */

/* Begin PBXFileReference section */
		ED1E66FA2F6A1B19007A9988 /* Acts2votion.app */ = {isa = PBXFileReference; explicitFileType = wrapper.application; includeInIndex = 0; path = Acts2votion.app; sourceTree = BUILT_PRODUCTS_DIR; };
		ED1E67092F6A1B1B007A9988 /* Acts2votionTests.xctest */ = {isa = PBXFileReference; explicitFileType = wrapper.cfbundle; includeInIndex = 0; path = Acts2votionTests.xctest; sourceTree = BUILT_PRODUCTS_DIR; };
		ED1E67132F6A1B1B007A9988 /* Acts2votionUITests.xctest */ = {isa = PBXFileReference; explicitFileType = wrapper.cfbundle; includeInIndex = 0; path = Acts2votionUITests.xctest; sourceTree = BUILT_PRODUCTS_DIR; };
		ED1E672A2F6A1B3C007A9988 /* Act2votionWidgetExtension.appex */ = {isa = PBXFileReference; explicitFileType = "wrapper.app-extension"; includeInIndex = 0; path = Act2votionWidgetExtension.appex; sourceTree = BUILT_PRODUCTS_DIR; };
		ED1E672C2F6A1B3C007A9988 /* WidgetKit.framework */ = {isa = PBXFileReference; lastKnownFileType = wrapper.framework; name = WidgetKit.framework; path = System/Library/Frameworks/WidgetKit.framework; sourceTree = SDKROOT; };
		ED1E672E2F6A1B3C007A9988 /* SwiftUI.framework */ = {isa = PBXFileReference; lastKnownFileType = wrapper.framework; name = SwiftUI.framework; path = System/Library/Frameworks/SwiftUI.framework; sourceTree = SDKROOT; };
/* End PBXFileReference section */

/* Begin PBXFileSystemSynchronizedBuildFileExceptionSet section */
		ED1E673D2F6A1B3E007A9988 /* Exceptions for "Act2votionWidget" folder in "Act2votionWidgetExtension" target */ = {
			isa = PBXFileSystemSynchronizedBuildFileExceptionSet;
			membershipExceptions = (
				Info.plist,
			);
			target = ED1E67292F6A1B3C007A9988 /* Act2votionWidgetExtension */;
		};
/* End PBXFileSystemSynchronizedBuildFileExceptionSet section */

/* Begin PBXFileSystemSynchronizedRootGroup section */
		ED1E66FC2F6A1B19007A9988 /* Acts2votion */ = {
			isa = PBXFileSystemSynchronizedRootGroup;
			path = Acts2votion;
			sourceTree = "<group>";
		};
		ED1E670C2F6A1B1B007A9988 /* Acts2votionTests */ = {
			isa = PBXFileSystemSynchronizedRootGroup;
			path = Acts2votionTests;
			sourceTree = "<group>";
		};
		ED1E67162F6A1B1B007A9988 /* Acts2votionUITests */ = {
			isa = PBXFileSystemSynchronizedRootGroup;
			path = Acts2votionUITests;
			sourceTree = "<group>";
		};
		ED1E67302F6A1B3C007A9988 /* Act2votionWidget */ = {
			isa = PBXFileSystemSynchronizedRootGroup;
			exceptions = (
				ED1E673D2F6A1B3E007A9988 /* Exceptions for "Act2votionWidget" folder in "Act2votionWidgetExtension" target */,
			);
			path = Act2votionWidget;
			sourceTree = "<group>";
		};
		ED1E67442F6A1B3E007A9988 /* Shared */ = {
			isa = PBXFileSystemSynchronizedRootGroup;
			path = Shared;
			sourceTree = "<group>";
		};
/* End PBXFileSystemSynchronizedRootGroup section */

/* Begin PBXFrameworksBuildPhase section */
		ED1E66F72F6A1B19007A9988 /* Frameworks */ = {
			isa = PBXFrameworksBuildPhase;
			buildActionMask = 2147483647;
			files = (
				ED1E67432F6A1B3E007A9988 /* WidgetKit.framework in Frameworks */,
			);
			runOnlyForDeploymentPostprocessing = 0;
		};
		ED1E67062F6A1B1B007A9988 /* Frameworks */ = {
			isa = PBXFrameworksBuildPhase;
			buildActionMask = 2147483647;
			files = (
			);
			runOnlyForDeploymentPostprocessing = 0;
		};
		ED1E67102F6A1B1B007A9988 /* Frameworks */ = {
			isa = PBXFrameworksBuildPhase;
			buildActionMask = 2147483647;
			files = (
			);
			runOnlyForDeploymentPostprocessing = 0;
		};
		ED1E67272F6A1B3C007A9988 /* Frameworks */ = {
			isa = PBXFrameworksBuildPhase;
			buildActionMask = 2147483647;
			files = (
				ED1E672F2F6A1B3C007A9988 /* SwiftUI.framework in Frameworks */,
				ED1E672D2F6A1B3C007A9988 /* WidgetKit.framework in Frameworks */,
			);
			runOnlyForDeploymentPostprocessing = 0;
		};
/* End PBXFrameworksBuildPhase section */

/* Begin PBXGroup section */
		ED1E66F12F6A1B19007A9988 = {
			isa = PBXGroup;
			children = (
				ED1E67442F6A1B3E007A9988 /* Shared */,
				ED1E66FC2F6A1B19007A9988 /* Acts2votion */,
				ED1E670C2F6A1B1B007A9988 /* Acts2votionTests */,
				ED1E67162F6A1B1B007A9988 /* Acts2votionUITests */,
				ED1E67302F6A1B3C007A9988 /* Act2votionWidget */,
				ED1E672B2F6A1B3C007A9988 /* Frameworks */,
				ED1E66FB2F6A1B19007A9988 /* Products */,
			);
			sourceTree = "<group>";
		};
		ED1E66FB2F6A1B19007A9988 /* Products */ = {
			isa = PBXGroup;
			children = (
				ED1E66FA2F6A1B19007A9988 /* Acts2votion.app */,
				ED1E67092F6A1B1B007A9988 /* Acts2votionTests.xctest */,
				ED1E67132F6A1B1B007A9988 /* Acts2votionUITests.xctest */,
				ED1E672A2F6A1B3C007A9988 /* Act2votionWidgetExtension.appex */,
			);
			name = Products;
			sourceTree = "<group>";
		};
		ED1E672B2F6A1B3C007A9988 /* Frameworks */ = {
			isa = PBXGroup;
			children = (
				ED1E672C2F6A1B3C007A9988 /* WidgetKit.framework */,
				ED1E672E2F6A1B3C007A9988 /* SwiftUI.framework */,
			);
			name = Frameworks;
			sourceTree = "<group>";
		};
/* End PBXGroup section */

/* Begin PBXNativeTarget section */
		ED1E66F92F6A1B19007A9988 /* Acts2votion */ = {
			isa = PBXNativeTarget;
			buildConfigurationList = ED1E671D2F6A1B1B007A9988 /* Build configuration list for PBXNativeTarget "Acts2votion" */;
			buildPhases = (
				ED1E66F62F6A1B19007A9988 /* Sources */,
				ED1E66F72F6A1B19007A9988 /* Frameworks */,
				ED1E66F82F6A1B19007A9988 /* Resources */,
				ED1E67412F6A1B3E007A9988 /* Embed Foundation Extensions */,
			);
			buildRules = (
			);
			dependencies = (
				ED1E673B2F6A1B3E007A9988 /* PBXTargetDependency */,
			);
			fileSystemSynchronizedGroups = (
				ED1E66FC2F6A1B19007A9988 /* Acts2votion */,
				ED1E67442F6A1B3E007A9988 /* Shared */,
			);
			name = Acts2votion;
			packageProductDependencies = (
			);
			productName = Acts2votion;
			productReference = ED1E66FA2F6A1B19007A9988 /* Acts2votion.app */;
			productType = "com.apple.product-type.application";
		};
		ED1E67082F6A1B1B007A9988 /* Acts2votionTests */ = {
			isa = PBXNativeTarget;
			buildConfigurationList = ED1E67202F6A1B1B007A9988 /* Build configuration list for PBXNativeTarget "Acts2votionTests" */;
			buildPhases = (
				ED1E67052F6A1B1B007A9988 /* Sources */,
				ED1E67062F6A1B1B007A9988 /* Frameworks */,
				ED1E67072F6A1B1B007A9988 /* Resources */,
			);
			buildRules = (
			);
			dependencies = (
				ED1E670B2F6A1B1B007A9988 /* PBXTargetDependency */,
			);
			fileSystemSynchronizedGroups = (
				ED1E670C2F6A1B1B007A9988 /* Acts2votionTests */,
			);
			name = Acts2votionTests;
			packageProductDependencies = (
			);
			productName = Acts2votionTests;
			productReference = ED1E67092F6A1B1B007A9988 /* Acts2votionTests.xctest */;
			productType = "com.apple.product-type.bundle.unit-test";
		};
		ED1E67122F6A1B1B007A9988 /* Acts2votionUITests */ = {
			isa = PBXNativeTarget;
			buildConfigurationList = ED1E67232F6A1B1B007A9988 /* Build configuration list for PBXNativeTarget "Acts2votionUITests" */;
			buildPhases = (
				ED1E670F2F6A1B1B007A9988 /* Sources */,
				ED1E67102F6A1B1B007A9988 /* Frameworks */,
				ED1E67112F6A1B1B007A9988 /* Resources */,
			);
			buildRules = (
			);
			dependencies = (
				ED1E67152F6A1B1B007A9988 /* PBXTargetDependency */,
			);
			fileSystemSynchronizedGroups = (
				ED1E67162F6A1B1B007A9988 /* Acts2votionUITests */,
			);
			name = Acts2votionUITests;
			packageProductDependencies = (
			);
			productName = Acts2votionUITests;
			productReference = ED1E67132F6A1B1B007A9988 /* Acts2votionUITests.xctest */;
			productType = "com.apple.product-type.bundle.ui-testing";
		};
		ED1E67292F6A1B3C007A9988 /* Act2votionWidgetExtension */ = {
			isa = PBXNativeTarget;
			buildConfigurationList = ED1E673E2F6A1B3E007A9988 /* Build configuration list for PBXNativeTarget "Act2votionWidgetExtension" */;
			buildPhases = (
				ED1E67262F6A1B3C007A9988 /* Sources */,
				ED1E67272F6A1B3C007A9988 /* Frameworks */,
				ED1E67282F6A1B3C007A9988 /* Resources */,
			);
			buildRules = (
			);
			dependencies = (
			);
			fileSystemSynchronizedGroups = (
				ED1E67302F6A1B3C007A9988 /* Act2votionWidget */,
				ED1E67442F6A1B3E007A9988 /* Shared */,
			);
			name = Act2votionWidgetExtension;
			packageProductDependencies = (
			);
			productName = Act2votionWidgetExtension;
			productReference = ED1E672A2F6A1B3C007A9988 /* Act2votionWidgetExtension.appex */;
			productType = "com.apple.product-type.app-extension";
		};
/* End PBXNativeTarget section */

/* Begin PBXProject section */
		ED1E66F22F6A1B19007A9988 /* Project object */ = {
			isa = PBXProject;
			attributes = {
				BuildIndependentTargetsInParallel = 1;
				LastSwiftUpdateCheck = 2630;
				LastUpgradeCheck = 2630;
				TargetAttributes = {
					ED1E66F92F6A1B19007A9988 = {
						CreatedOnToolsVersion = 26.3;
					};
					ED1E67082F6A1B1B007A9988 = {
						CreatedOnToolsVersion = 26.3;
						TestTargetID = ED1E66F92F6A1B19007A9988;
					};
					ED1E67122F6A1B1B007A9988 = {
						CreatedOnToolsVersion = 26.3;
						TestTargetID = ED1E66F92F6A1B19007A9988;
					};
					ED1E67292F6A1B3C007A9988 = {
						CreatedOnToolsVersion = 26.3;
					};
				};
			};
			buildConfigurationList = ED1E66F52F6A1B19007A9988 /* Build configuration list for PBXProject "Acts2votion" */;
			developmentRegion = en;
			hasScannedForEncodings = 0;
			knownRegions = (
				en,
				Base,
			);
			mainGroup = ED1E66F12F6A1B19007A9988;
			minimizedProjectReferenceProxies = 1;
			preferredProjectObjectVersion = 77;
			productRefGroup = ED1E66FB2F6A1B19007A9988 /* Products */;
			projectDirPath = "";
			projectRoot = "";
			targets = (
				ED1E66F92F6A1B19007A9988 /* Acts2votion */,
				ED1E67082F6A1B1B007A9988 /* Acts2votionTests */,
				ED1E67122F6A1B1B007A9988 /* Acts2votionUITests */,
				ED1E67292F6A1B3C007A9988 /* Act2votionWidgetExtension */,
			);
		};
/* End PBXProject section */

/* Begin PBXResourcesBuildPhase section */
		ED1E66F82F6A1B19007A9988 /* Resources */ = {
			isa = PBXResourcesBuildPhase;
			buildActionMask = 2147483647;
			files = (
			);
			runOnlyForDeploymentPostprocessing = 0;
		};
		ED1E67072F6A1B1B007A9988 /* Resources */ = {
			isa = PBXResourcesBuildPhase;
			buildActionMask = 2147483647;
			files = (
			);
			runOnlyForDeploymentPostprocessing = 0;
		};
		ED1E67112F6A1B1B007A9988 /* Resources */ = {
			isa = PBXResourcesBuildPhase;
			buildActionMask = 2147483647;
			files = (
			);
			runOnlyForDeploymentPostprocessing = 0;
		};
		ED1E67282F6A1B3C007A9988 /* Resources */ = {
			isa = PBXResourcesBuildPhase;
			buildActionMask = 2147483647;
			files = (
			);
			runOnlyForDeploymentPostprocessing = 0;
		};
/* End PBXResourcesBuildPhase section */

/* Begin PBXSourcesBuildPhase section */
		ED1E66F62F6A1B19007A9988 /* Sources */ = {
			isa = PBXSourcesBuildPhase;
			buildActionMask = 2147483647;
			files = (
			);
			runOnlyForDeploymentPostprocessing = 0;
		};
		ED1E67052F6A1B1B007A9988 /* Sources */ = {
			isa = PBXSourcesBuildPhase;
			buildActionMask = 2147483647;
			files = (
			);
			runOnlyForDeploymentPostprocessing = 0;
		};
		ED1E670F2F6A1B1B007A9988 /* Sources */ = {
			isa = PBXSourcesBuildPhase;
			buildActionMask = 2147483647;
			files = (
			);
			runOnlyForDeploymentPostprocessing = 0;
		};
		ED1E67262F6A1B3C007A9988 /* Sources */ = {
			isa = PBXSourcesBuildPhase;
			buildActionMask = 2147483647;
			files = (
			);
			runOnlyForDeploymentPostprocessing = 0;
		};
/* End PBXSourcesBuildPhase section */

/* Begin PBXTargetDependency section */
		ED1E670B2F6A1B1B007A9988 /* PBXTargetDependency */ = {
			isa = PBXTargetDependency;
			target = ED1E66F92F6A1B19007A9988 /* Acts2votion */;
			targetProxy = ED1E670A2F6A1B1B007A9988 /* PBXContainerItemProxy */;
		};
		ED1E67152F6A1B1B007A9988 /* PBXTargetDependency */ = {
			isa = PBXTargetDependency;
			target = ED1E66F92F6A1B19007A9988 /* Acts2votion */;
			targetProxy = ED1E67142F6A1B1B007A9988 /* PBXContainerItemProxy */;
		};
		ED1E673B2F6A1B3E007A9988 /* PBXTargetDependency */ = {
			isa = PBXTargetDependency;
			target = ED1E67292F6A1B3C007A9988 /* Act2votionWidgetExtension */;
			targetProxy = ED1E673A2F6A1B3E007A9988 /* PBXContainerItemProxy */;
		};
/* End PBXTargetDependency section */

/* Begin XCBuildConfiguration section */
		ED1E671B2F6A1B1B007A9988 /* Debug */ = {
			isa = XCBuildConfiguration;
			buildSettings = {
				ALWAYS_SEARCH_USER_PATHS = NO;
				ASSETCATALOG_COMPILER_GENERATE_SWIFT_ASSET_SYMBOL_EXTENSIONS = YES;
				CLANG_ANALYZER_NONNULL = YES;
				CLANG_ANALYZER_NUMBER_OBJECT_CONVERSION = YES_AGGRESSIVE;
				CLANG_CXX_LANGUAGE_STANDARD = "gnu++20";
				CLANG_ENABLE_MODULES = YES;
				CLANG_ENABLE_OBJC_ARC = YES;
				CLANG_ENABLE_OBJC_WEAK = YES;
				CLANG_WARN_BLOCK_CAPTURE_AUTORELEASING = YES;
				CLANG_WARN_BOOL_CONVERSION = YES;
				CLANG_WARN_COMMA = YES;
				CLANG_WARN_CONSTANT_CONVERSION = YES;
				CLANG_WARN_DEPRECATED_OBJC_IMPLEMENTATIONS = YES;
				CLANG_WARN_DIRECT_OBJC_ISA_USAGE = YES_ERROR;
				CLANG_WARN_DOCUMENTATION_COMMENTS = YES;
				CLANG_WARN_EMPTY_BODY = YES;
				CLANG_WARN_ENUM_CONVERSION = YES;
				CLANG_WARN_INFINITE_RECURSION = YES;
				CLANG_WARN_INT_CONVERSION = YES;
				CLANG_WARN_NON_LITERAL_NULL_CONVERSION = YES;
				CLANG_WARN_OBJC_IMPLICIT_RETAIN_SELF = YES;
				CLANG_WARN_OBJC_LITERAL_CONVERSION = YES;
				CLANG_WARN_OBJC_ROOT_CLASS = YES_ERROR;
				CLANG_WARN_QUOTED_INCLUDE_IN_FRAMEWORK_HEADER = YES;
				CLANG_WARN_RANGE_LOOP_ANALYSIS = YES;
				CLANG_WARN_STRICT_PROTOTYPES = YES;
				CLANG_WARN_SUSPICIOUS_MOVE = YES;
				CLANG_WARN_UNGUARDED_AVAILABILITY = YES_AGGRESSIVE;
				CLANG_WARN_UNREACHABLE_CODE = YES;
				CLANG_WARN__DUPLICATE_METHOD_MATCH = YES;
				COPY_PHASE_STRIP = NO;
				DEBUG_INFORMATION_FORMAT = dwarf;
				DEVELOPMENT_TEAM = 49V6782K87;
				ENABLE_STRICT_OBJC_MSGSEND = YES;
				ENABLE_TESTABILITY = YES;
				ENABLE_USER_SCRIPT_SANDBOXING = YES;
				GCC_C_LANGUAGE_STANDARD = gnu17;
				GCC_DYNAMIC_NO_PIC = NO;
				GCC_NO_COMMON_BLOCKS = YES;
				GCC_OPTIMIZATION_LEVEL = 0;
				GCC_PREPROCESSOR_DEFINITIONS = (
					"DEBUG=1",
					"$(inherited)",
				);
				GCC_WARN_64_TO_32_BIT_CONVERSION = YES;
				GCC_WARN_ABOUT_RETURN_TYPE = YES_ERROR;
				GCC_WARN_UNDECLARED_SELECTOR = YES;
				GCC_WARN_UNINITIALIZED_AUTOS = YES_AGGRESSIVE;
				GCC_WARN_UNUSED_FUNCTION = YES;
				GCC_WARN_UNUSED_VARIABLE = YES;
				IPHONEOS_DEPLOYMENT_TARGET = 17.0;
				LOCALIZATION_PREFERS_STRING_CATALOGS = YES;
				MTL_ENABLE_DEBUG_INFO = INCLUDE_SOURCE;
				MTL_FAST_MATH = YES;
				ONLY_ACTIVE_ARCH = YES;
				SDKROOT = iphoneos;
				SWIFT_ACTIVE_COMPILATION_CONDITIONS = "DEBUG $(inherited)";
				SWIFT_OPTIMIZATION_LEVEL = "-Onone";
			};
			name = Debug;
		};
		ED1E671C2F6A1B1B007A9988 /* Release */ = {
			isa = XCBuildConfiguration;
			buildSettings = {
				ALWAYS_SEARCH_USER_PATHS = NO;
				ASSETCATALOG_COMPILER_GENERATE_SWIFT_ASSET_SYMBOL_EXTENSIONS = YES;
				CLANG_ANALYZER_NONNULL = YES;
				CLANG_ANALYZER_NUMBER_OBJECT_CONVERSION = YES_AGGRESSIVE;
				CLANG_CXX_LANGUAGE_STANDARD = "gnu++20";
				CLANG_ENABLE_MODULES = YES;
				CLANG_ENABLE_OBJC_ARC = YES;
				CLANG_ENABLE_OBJC_WEAK = YES;
				CLANG_WARN_BLOCK_CAPTURE_AUTORELEASING = YES;
				CLANG_WARN_BOOL_CONVERSION = YES;
				CLANG_WARN_COMMA = YES;
				CLANG_WARN_CONSTANT_CONVERSION = YES;
				CLANG_WARN_DEPRECATED_OBJC_IMPLEMENTATIONS = YES;
				CLANG_WARN_DIRECT_OBJC_ISA_USAGE = YES_ERROR;
				CLANG_WARN_DOCUMENTATION_COMMENTS = YES;
				CLANG_WARN_EMPTY_BODY = YES;
				CLANG_WARN_ENUM_CONVERSION = YES;
				CLANG_WARN_INFINITE_RECURSION = YES;
				CLANG_WARN_INT_CONVERSION = YES;
				CLANG_WARN_NON_LITERAL_NULL_CONVERSION = YES;
				CLANG_WARN_OBJC_IMPLICIT_RETAIN_SELF = YES;
				CLANG_WARN_OBJC_LITERAL_CONVERSION = YES;
				CLANG_WARN_OBJC_ROOT_CLASS = YES_ERROR;
				CLANG_WARN_QUOTED_INCLUDE_IN_FRAMEWORK_HEADER = YES;
				CLANG_WARN_RANGE_LOOP_ANALYSIS = YES;
				CLANG_WARN_STRICT_PROTOTYPES = YES;
				CLANG_WARN_SUSPICIOUS_MOVE = YES;
				CLANG_WARN_UNGUARDED_AVAILABILITY = YES_AGGRESSIVE;
				CLANG_WARN_UNREACHABLE_CODE = YES;
				CLANG_WARN__DUPLICATE_METHOD_MATCH = YES;
				COPY_PHASE_STRIP = NO;
				DEBUG_INFORMATION_FORMAT = "dwarf-with-dsym";
				DEVELOPMENT_TEAM = 49V6782K87;
				ENABLE_NS_ASSERTIONS = NO;
				ENABLE_STRICT_OBJC_MSGSEND = YES;
				ENABLE_USER_SCRIPT_SANDBOXING = YES;
				GCC_C_LANGUAGE_STANDARD = gnu17;
				GCC_NO_COMMON_BLOCKS = YES;
				GCC_WARN_64_TO_32_BIT_CONVERSION = YES;
				GCC_WARN_ABOUT_RETURN_TYPE = YES_ERROR;
				GCC_WARN_UNDECLARED_SELECTOR = YES;
				GCC_WARN_UNINITIALIZED_AUTOS = YES_AGGRESSIVE;
				GCC_WARN_UNUSED_FUNCTION = YES;
				GCC_WARN_UNUSED_VARIABLE = YES;
				IPHONEOS_DEPLOYMENT_TARGET = 17.0;
				LOCALIZATION_PREFERS_STRING_CATALOGS = YES;
				MTL_ENABLE_DEBUG_INFO = NO;
				MTL_FAST_MATH = YES;
				SDKROOT = iphoneos;
				SWIFT_COMPILATION_MODE = wholemodule;
				VALIDATE_PRODUCT = YES;
			};
			name = Release;
		};
		ED1E671E2F6A1B1B007A9988 /* Debug */ = {
			isa = XCBuildConfiguration;
			buildSettings = {
				ASSETCATALOG_COMPILER_APPICON_NAME = AppIcon;
				ASSETCATALOG_COMPILER_GLOBAL_ACCENT_COLOR_NAME = AccentColor;
				CODE_SIGN_ENTITLEMENTS = Acts2votion/Acts2votion.entitlements;
				CODE_SIGN_STYLE = Automatic;
				CURRENT_PROJECT_VERSION = 1;
				DEVELOPMENT_TEAM = 49V6782K87;
				ENABLE_PREVIEWS = YES;
				GENERATE_INFOPLIST_FILE = YES;
				INFOPLIST_KEY_UIApplicationSceneManifest_Generation = YES;
				INFOPLIST_KEY_UIApplicationSupportsIndirectInputEvents = YES;
				INFOPLIST_KEY_UILaunchScreen_Generation = YES;
				INFOPLIST_KEY_UISupportedInterfaceOrientations_iPad = "UIInterfaceOrientationPortrait UIInterfaceOrientationPortraitUpsideDown UIInterfaceOrientationLandscapeLeft UIInterfaceOrientationLandscapeRight";
				INFOPLIST_KEY_UISupportedInterfaceOrientations_iPhone = "UIInterfaceOrientationPortrait UIInterfaceOrientationLandscapeLeft UIInterfaceOrientationLandscapeRight";
				LD_RUNPATH_SEARCH_PATHS = (
					"$(inherited)",
					"@executable_path/Frameworks",
				);
				MARKETING_VERSION = 1.0;
				PRODUCT_BUNDLE_IDENTIFIER = com.junminkim.Acts2votion;
				PRODUCT_NAME = "$(TARGET_NAME)";
				STRING_CATALOG_GENERATE_SYMBOLS = YES;
				SWIFT_APPROACHABLE_CONCURRENCY = YES;
				SWIFT_DEFAULT_ACTOR_ISOLATION = MainActor;
				SWIFT_EMIT_LOC_STRINGS = YES;
				SWIFT_UPCOMING_FEATURE_MEMBER_IMPORT_VISIBILITY = YES;
				SWIFT_VERSION = 5.0;
				TARGETED_DEVICE_FAMILY = "1,2";
			};
			name = Debug;
		};
		ED1E671F2F6A1B1B007A9988 /* Release */ = {
			isa = XCBuildConfiguration;
			buildSettings = {
				ASSETCATALOG_COMPILER_APPICON_NAME = AppIcon;
				ASSETCATALOG_COMPILER_GLOBAL_ACCENT_COLOR_NAME = AccentColor;
				CODE_SIGN_ENTITLEMENTS = Acts2votion/Acts2votion.entitlements;
				CODE_SIGN_STYLE = Automatic;
				CURRENT_PROJECT_VERSION = 1;
				DEVELOPMENT_TEAM = 49V6782K87;
				ENABLE_PREVIEWS = YES;
				GENERATE_INFOPLIST_FILE = YES;
				INFOPLIST_KEY_UIApplicationSceneManifest_Generation = YES;
				INFOPLIST_KEY_UIApplicationSupportsIndirectInputEvents = YES;
				INFOPLIST_KEY_UILaunchScreen_Generation = YES;
				INFOPLIST_KEY_UISupportedInterfaceOrientations_iPad = "UIInterfaceOrientationPortrait UIInterfaceOrientationPortraitUpsideDown UIInterfaceOrientationLandscapeLeft UIInterfaceOrientationLandscapeRight";
				INFOPLIST_KEY_UISupportedInterfaceOrientations_iPhone = "UIInterfaceOrientationPortrait UIInterfaceOrientationLandscapeLeft UIInterfaceOrientationLandscapeRight";
				LD_RUNPATH_SEARCH_PATHS = (
					"$(inherited)",
					"@executable_path/Frameworks",
				);
				MARKETING_VERSION = 1.0;
				PRODUCT_BUNDLE_IDENTIFIER = com.junminkim.Acts2votion;
				PRODUCT_NAME = "$(TARGET_NAME)";
				STRING_CATALOG_GENERATE_SYMBOLS = YES;
				SWIFT_APPROACHABLE_CONCURRENCY = YES;
				SWIFT_DEFAULT_ACTOR_ISOLATION = MainActor;
				SWIFT_EMIT_LOC_STRINGS = YES;
				SWIFT_UPCOMING_FEATURE_MEMBER_IMPORT_VISIBILITY = YES;
				SWIFT_VERSION = 5.0;
				TARGETED_DEVICE_FAMILY = "1,2";
			};
			name = Release;
		};
		ED1E67212F6A1B1B007A9988 /* Debug */ = {
			isa = XCBuildConfiguration;
			buildSettings = {
				BUNDLE_LOADER = "$(TEST_HOST)";
				CODE_SIGN_STYLE = Automatic;
				CURRENT_PROJECT_VERSION = 1;
				DEVELOPMENT_TEAM = 49V6782K87;
				GENERATE_INFOPLIST_FILE = YES;
				IPHONEOS_DEPLOYMENT_TARGET = 17.0;
				MARKETING_VERSION = 1.0;
				PRODUCT_BUNDLE_IDENTIFIER = com.junminkim.Acts2votionTests;
				PRODUCT_NAME = "$(TARGET_NAME)";
				STRING_CATALOG_GENERATE_SYMBOLS = NO;
				SWIFT_APPROACHABLE_CONCURRENCY = YES;
				SWIFT_EMIT_LOC_STRINGS = NO;
				SWIFT_UPCOMING_FEATURE_MEMBER_IMPORT_VISIBILITY = YES;
				SWIFT_VERSION = 5.0;
				TARGETED_DEVICE_FAMILY = "1,2";
				TEST_HOST = "$(BUILT_PRODUCTS_DIR)/Acts2votion.app/$(BUNDLE_EXECUTABLE_FOLDER_PATH)/Acts2votion";
			};
			name = Debug;
		};
		ED1E67222F6A1B1B007A9988 /* Release */ = {
			isa = XCBuildConfiguration;
			buildSettings = {
				BUNDLE_LOADER = "$(TEST_HOST)";
				CODE_SIGN_STYLE = Automatic;
				CURRENT_PROJECT_VERSION = 1;
				DEVELOPMENT_TEAM = 49V6782K87;
				GENERATE_INFOPLIST_FILE = YES;
				IPHONEOS_DEPLOYMENT_TARGET = 17.0;
				MARKETING_VERSION = 1.0;
				PRODUCT_BUNDLE_IDENTIFIER = com.junminkim.Acts2votionTests;
				PRODUCT_NAME = "$(TARGET_NAME)";
				STRING_CATALOG_GENERATE_SYMBOLS = NO;
				SWIFT_APPROACHABLE_CONCURRENCY = YES;
				SWIFT_EMIT_LOC_STRINGS = NO;
				SWIFT_UPCOMING_FEATURE_MEMBER_IMPORT_VISIBILITY = YES;
				SWIFT_VERSION = 5.0;
				TARGETED_DEVICE_FAMILY = "1,2";
				TEST_HOST = "$(BUILT_PRODUCTS_DIR)/Acts2votion.app/$(BUNDLE_EXECUTABLE_FOLDER_PATH)/Acts2votion";
			};
			name = Release;
		};
		ED1E67242F6A1B1B007A9988 /* Debug */ = {
			isa = XCBuildConfiguration;
			buildSettings = {
				CODE_SIGN_STYLE = Automatic;
				CURRENT_PROJECT_VERSION = 1;
				DEVELOPMENT_TEAM = 49V6782K87;
				GENERATE_INFOPLIST_FILE = YES;
				MARKETING_VERSION = 1.0;
				PRODUCT_BUNDLE_IDENTIFIER = com.junminkim.Acts2votionUITests;
				PRODUCT_NAME = "$(TARGET_NAME)";
				STRING_CATALOG_GENERATE_SYMBOLS = NO;
				SWIFT_APPROACHABLE_CONCURRENCY = YES;
				SWIFT_EMIT_LOC_STRINGS = NO;
				SWIFT_UPCOMING_FEATURE_MEMBER_IMPORT_VISIBILITY = YES;
				SWIFT_VERSION = 5.0;
				TARGETED_DEVICE_FAMILY = "1,2";
				TEST_TARGET_NAME = Acts2votion;
			};
			name = Debug;
		};
		ED1E67252F6A1B1B007A9988 /* Release */ = {
			isa = XCBuildConfiguration;
			buildSettings = {
				CODE_SIGN_STYLE = Automatic;
				CURRENT_PROJECT_VERSION = 1;
				DEVELOPMENT_TEAM = 49V6782K87;
				GENERATE_INFOPLIST_FILE = YES;
				MARKETING_VERSION = 1.0;
				PRODUCT_BUNDLE_IDENTIFIER = com.junminkim.Acts2votionUITests;
				PRODUCT_NAME = "$(TARGET_NAME)";
				STRING_CATALOG_GENERATE_SYMBOLS = NO;
				SWIFT_APPROACHABLE_CONCURRENCY = YES;
				SWIFT_EMIT_LOC_STRINGS = NO;
				SWIFT_UPCOMING_FEATURE_MEMBER_IMPORT_VISIBILITY = YES;
				SWIFT_VERSION = 5.0;
				TARGETED_DEVICE_FAMILY = "1,2";
				TEST_TARGET_NAME = Acts2votion;
			};
			name = Release;
		};
		ED1E673F2F6A1B3E007A9988 /* Debug */ = {
			isa = XCBuildConfiguration;
			buildSettings = {
				ASSETCATALOG_COMPILER_GLOBAL_ACCENT_COLOR_NAME = AccentColor;
				ASSETCATALOG_COMPILER_WIDGET_BACKGROUND_COLOR_NAME = WidgetBackground;
				CODE_SIGN_ENTITLEMENTS = Act2votionWidget/Act2votionWidget.entitlements;
				CODE_SIGN_STYLE = Automatic;
				CURRENT_PROJECT_VERSION = 1;
				DEVELOPMENT_TEAM = 49V6782K87;
				GENERATE_INFOPLIST_FILE = YES;
				INFOPLIST_FILE = Act2votionWidget/Info.plist;
				INFOPLIST_KEY_CFBundleDisplayName = Act2votionWidget;
				INFOPLIST_KEY_NSHumanReadableCopyright = "";
				LD_RUNPATH_SEARCH_PATHS = (
					"$(inherited)",
					"@executable_path/Frameworks",
					"@executable_path/../../Frameworks",
				);
				MARKETING_VERSION = 1.0;
				PRODUCT_BUNDLE_IDENTIFIER = com.junminkim.Acts2votion.Act2votionWidget;
				PRODUCT_NAME = "$(TARGET_NAME)";
				SKIP_INSTALL = YES;
				STRING_CATALOG_GENERATE_SYMBOLS = YES;
				SWIFT_APPROACHABLE_CONCURRENCY = YES;
				SWIFT_EMIT_LOC_STRINGS = YES;
				SWIFT_UPCOMING_FEATURE_MEMBER_IMPORT_VISIBILITY = YES;
				SWIFT_VERSION = 5.0;
				TARGETED_DEVICE_FAMILY = "1,2";
			};
			name = Debug;
		};
		ED1E67402F6A1B3E007A9988 /* Release */ = {
			isa = XCBuildConfiguration;
			buildSettings = {
				ASSETCATALOG_COMPILER_GLOBAL_ACCENT_COLOR_NAME = AccentColor;
				ASSETCATALOG_COMPILER_WIDGET_BACKGROUND_COLOR_NAME = WidgetBackground;
				CODE_SIGN_ENTITLEMENTS = Act2votionWidget/Act2votionWidget.entitlements;
				CODE_SIGN_STYLE = Automatic;
				CURRENT_PROJECT_VERSION = 1;
				DEVELOPMENT_TEAM = 49V6782K87;
				GENERATE_INFOPLIST_FILE = YES;
				INFOPLIST_FILE = Act2votionWidget/Info.plist;
				INFOPLIST_KEY_CFBundleDisplayName = Act2votionWidget;
				INFOPLIST_KEY_NSHumanReadableCopyright = "";
				LD_RUNPATH_SEARCH_PATHS = (
					"$(inherited)",
					"@executable_path/Frameworks",
					"@executable_path/../../Frameworks",
				);
				MARKETING_VERSION = 1.0;
				PRODUCT_BUNDLE_IDENTIFIER = com.junminkim.Acts2votion.Act2votionWidget;
				PRODUCT_NAME = "$(TARGET_NAME)";
				SKIP_INSTALL = YES;
				STRING_CATALOG_GENERATE_SYMBOLS = YES;
				SWIFT_APPROACHABLE_CONCURRENCY = YES;
				SWIFT_EMIT_LOC_STRINGS = YES;
				SWIFT_UPCOMING_FEATURE_MEMBER_IMPORT_VISIBILITY = YES;
				SWIFT_VERSION = 5.0;
				TARGETED_DEVICE_FAMILY = "1,2";
			};
			name = Release;
		};
/* End XCBuildConfiguration section */

/* Begin XCConfigurationList section */
		ED1E66F52F6A1B19007A9988 /* Build configuration list for PBXProject "Acts2votion" */ = {
			isa = XCConfigurationList;
			buildConfigurations = (
				ED1E671B2F6A1B1B007A9988 /* Debug */,
				ED1E671C2F6A1B1B007A9988 /* Release */,
			);
			defaultConfigurationIsVisible = 0;
			defaultConfigurationName = Release;
		};
		ED1E671D2F6A1B1B007A9988 /* Build configuration list for PBXNativeTarget "Acts2votion" */ = {
			isa = XCConfigurationList;
			buildConfigurations = (
				ED1E671E2F6A1B1B007A9988 /* Debug */,
				ED1E671F2F6A1B1B007A9988 /* Release */,
			);
			defaultConfigurationIsVisible = 0;
			defaultConfigurationName = Release;
		};
		ED1E67202F6A1B1B007A9988 /* Build configuration list for PBXNativeTarget "Acts2votionTests" */ = {
			isa = XCConfigurationList;
			buildConfigurations = (
				ED1E67212F6A1B1B007A9988 /* Debug */,
				ED1E67222F6A1B1B007A9988 /* Release */,
			);
			defaultConfigurationIsVisible = 0;
			defaultConfigurationName = Release;
		};
		ED1E67232F6A1B1B007A9988 /* Build configuration list for PBXNativeTarget "Acts2votionUITests" */ = {
			isa = XCConfigurationList;
			buildConfigurations = (
				ED1E67242F6A1B1B007A9988 /* Debug */,
				ED1E67252F6A1B1B007A9988 /* Release */,
			);
			defaultConfigurationIsVisible = 0;
			defaultConfigurationName = Release;
		};
		ED1E673E2F6A1B3E007A9988 /* Build configuration list for PBXNativeTarget "Act2votionWidgetExtension" */ = {
			isa = XCConfigurationList;
			buildConfigurations = (
				ED1E673F2F6A1B3E007A9988 /* Debug */,
				ED1E67402F6A1B3E007A9988 /* Release */,
			);
			defaultConfigurationIsVisible = 0;
			defaultConfigurationName = Release;
		};
/* End XCConfigurationList section */
	};
	rootObject = ED1E66F22F6A1B19007A9988 /* Project object */;
}
